
Microsoft Visual Studio Solution File, Format Version 12.00
# Visual Studio Version 16
VisualStudioVersion = 16.0.31005.135
MinimumVisualStudioVersion = 10.0.40219.1
Project("{FAE04EC0-301F-11D3-BF4B-00C04F79EFBC}") = "Business", "Business\Business.csproj", "{0A1B9124-E491-4A86-AF98-B478803AA1E2}"
EndProject
Project("{FAE04EC0-301F-11D3-BF4B-00C04F79EFBC}") = "DataAccess", "DataAccess\DataAccess.csproj", "{77461A2F-4976-47B9-973D-361B52282128}"
EndProject
Project("{FAE04EC0-301F-11D3-BF4B-00C04F79EFBC}") = "Entities", "Entities\Entities.csproj", "{1FD49439-9E67-43D2-960A-D0E4D11FF02E}"
EndProject
Project("{FAE04EC0-301F-11D3-BF4B-00C04F79EFBC}") = "ConsoleUI", "ConsoleUI\ConsoleUI.csproj", "{1C4760DA-681D-4E74-AC8E-603B2E562CD8}"
EndProject
Global
	GlobalSection(SolutionConfigurationPlatforms) = preSolution
		Debug|Any CPU = Debug|Any CPU
		Release|Any CPU = Release|Any CPU
	EndGlobalSection
	GlobalSection(ProjectConfigurationPlatforms) = postSolution
		{0A1B9124-E491-4A86-AF98-B478803AA1E2}.Debug|Any CPU.ActiveCfg = Debug|Any CPU
		{0A1B9124-E491-4A86-AF98-B478803AA1E2}.Debug|Any CPU.Build.0 = Debug|Any CPU
		{0A1B9124-E491-4A86-AF98-B478803AA1E2}.Release|Any CPU.ActiveCfg = Release|Any CPU
		{0A1B9124-E491-4A86-AF98-B478803AA1E2}.Release|Any CPU.Build.0 = Release|Any CPU
		{77461A2F-4976-47B9-973D-361B52282128}.Debug|Any CPU.ActiveCfg = Debug|Any CPU
		{77461A2F-4976-47B9-973D-361B52282128}.Debug|Any CPU.Build.0 = Debug|Any CPU
		{77461A2F-4976-47B9-973D-361B52282128}.Release|Any CPU.ActiveCfg = Release|Any CPU
		{77461A2F-4976-47B9-973D-361B52282128}.Release|Any CPU.Build.0 = Release|Any CPU
		{1FD49439-9E67-43D2-960A-D0E4D11FF02E}.Debug|Any CPU.ActiveCfg = Debug|Any CPU
		{1FD49439-9E67-43D2-960A-D0E4D11FF02E}.Debug|Any CPU.Build.0 = Debug|Any CPU
		{1FD49439-9E67-43D2-960A-D0E4D11FF02E}.Release|Any CPU.ActiveCfg = Release|Any CPU
		{1FD49439-9E67-43D2-960A-D0E4D11FF02E}.Release|Any CPU.Build.0 = Release|Any CPU
		{1C4760DA-681D-4E74-AC8E-603B2E562CD8}.Debug|Any CPU.ActiveCfg = Debug|Any CPU
		{1C4760DA-681D-4E74-AC8E-603B2E562CD8}.Debug|Any CPU.Build.0 = Debug|Any CPU
		{1C4760DA-681D-4E74-AC8E-603B2E562CD8}.Release|Any CPU.ActiveCfg = Release|Any CPU
		{1C4760DA-681D-4E74-AC8E-603B2E562CD8}.Release|Any CPU.Build.0 = Release|Any CPU
	EndGlobalSection
	GlobalSection(SolutionProperties) = preSolution
		HideSolutionNode = FALSE
	EndGlobalSection
	GlobalSection(ExtensibilityGlobals) = postSolution
		SolutionGuid = {1FA56220-BD8E-4694-AFF1-5A63E367E60D}
	EndGlobalSection
EndGlobal
